
Microsoft Visual Studio Solution File, Format Version 12.00
# Visual Studio Version 17
VisualStudioVersion = 17.0.31912.275
MinimumVisualStudioVersion = 10.0.40219.1
Project("{FAE04EC0-301F-11D3-BF4B-00C04F79EFBC}") = "Main", "Main\Main.csproj", "{A8B8818B-77A4-402F-B641-B659ED7787A9}"
EndProject
Global
	GlobalSection(SolutionConfigurationPlatforms) = preSolution
		Debug|Any CPU = Debug|Any CPU
		Release|Any CPU = Release|Any CPU
	EndGlobalSection
	GlobalSection(ProjectConfigurationPlatforms) = postSolution
		{A8B8818B-77A4-402F-B641-B659ED7787A9}.Debug|Any CPU.ActiveCfg = Debug|Any CPU
		{A8B8818B-77A4-402F-B641-B659ED7787A9}.Debug|Any CPU.Build.0 = Debug|Any CPU
		{A8B8818B-77A4-402F-B641-B659ED7787A9}.Release|Any CPU.ActiveCfg = Release|Any CPU
		{A8B8818B-77A4-402F-B641-B659ED7787A9}.Release|Any CPU.Build.0 = Release|Any CPU
	EndGlobalSection
	GlobalSection(SolutionProperties) = preSolution
		HideSolutionNode = FALSE
	EndGlobalSection
	GlobalSection(ExtensibilityGlobals) = postSolution
		SolutionGuid = {FAAE5061-710F-462A-89A3-93A646976003}
	EndGlobalSection
EndGlobal
